
Microsoft Visual Studio Solution File, Format Version 12.00
# Visual Studio Version 17
VisualStudioVersion = 17.5.33530.505
MinimumVisualStudioVersion = 10.0.40219.1
Project("{FAE04EC0-301F-11D3-BF4B-00C04F79EFBC}") = "RentCar.API", "RentCar.API\RentCar.API.csproj", "{39FDFA1D-8D53-49FD-AAD7-DD12719BF723}"
EndProject
Project("{FAE04EC0-301F-11D3-BF4B-00C04F79EFBC}") = "RentCar.Domain", "RentCar.Domain\RentCar.Domain.csproj", "{FF0BC263-ABB8-4C31-9266-BF3991E9D72A}"
EndProject
Project("{FAE04EC0-301F-11D3-BF4B-00C04F79EFBC}") = "RentCar.Infrastructure", "RentCar.Infrastructure\RentCar.Infrastructure.csproj", "{21483AC5-E73E-466B-8ADA-C7E9AB2C63DA}"
EndProject
Global
	GlobalSection(SolutionConfigurationPlatforms) = preSolution
		Debug|Any CPU = Debug|Any CPU
		Release|Any CPU = Release|Any CPU
	EndGlobalSection
	GlobalSection(ProjectConfigurationPlatforms) = postSolution
		{39FDFA1D-8D53-49FD-AAD7-DD12719BF723}.Debug|Any CPU.ActiveCfg = Debug|Any CPU
		{39FDFA1D-8D53-49FD-AAD7-DD12719BF723}.Debug|Any CPU.Build.0 = Debug|Any CPU
		{39FDFA1D-8D53-49FD-AAD7-DD12719BF723}.Release|Any CPU.ActiveCfg = Release|Any CPU
		{39FDFA1D-8D53-49FD-AAD7-DD12719BF723}.Release|Any CPU.Build.0 = Release|Any CPU
		{FF0BC263-ABB8-4C31-9266-BF3991E9D72A}.Debug|Any CPU.ActiveCfg = Debug|Any CPU
		{FF0BC263-ABB8-4C31-9266-BF3991E9D72A}.Debug|Any CPU.Build.0 = Debug|Any CPU
		{FF0BC263-ABB8-4C31-9266-BF3991E9D72A}.Release|Any CPU.ActiveCfg = Release|Any CPU
		{FF0BC263-ABB8-4C31-9266-BF3991E9D72A}.Release|Any CPU.Build.0 = Release|Any CPU
		{21483AC5-E73E-466B-8ADA-C7E9AB2C63DA}.Debug|Any CPU.ActiveCfg = Debug|Any CPU
		{21483AC5-E73E-466B-8ADA-C7E9AB2C63DA}.Debug|Any CPU.Build.0 = Debug|Any CPU
		{21483AC5-E73E-466B-8ADA-C7E9AB2C63DA}.Release|Any CPU.ActiveCfg = Release|Any CPU
		{21483AC5-E73E-466B-8ADA-C7E9AB2C63DA}.Release|Any CPU.Build.0 = Release|Any CPU
	EndGlobalSection
	GlobalSection(SolutionProperties) = preSolution
		HideSolutionNode = FALSE
	EndGlobalSection
	GlobalSection(ExtensibilityGlobals) = postSolution
		SolutionGuid = {344A4615-DB46-4629-8996-CAC2BF7F6203}
	EndGlobalSection
EndGlobal
